<?xml version="1.0" encoding="utf-8"?>
<Project ToolsVersion="4.0" xmlns="http://schemas.microsoft.com/developer/msbuild/2003">
  <ItemGroup>
    <ClCompile Include="src\Texturing\Mesh.cpp">
      <Filter>src\Texturing</Filter>
    </ClCompile>
    <ClCompile Include="src\Geometry\Model.cpp">
      <Filter>src\Geometry</Filter>
    </ClCompile>
    <ClCompile Include="src\Geometry\Triangle.cpp">
      <Filter>src\Geometry</Filter>
    </ClCompile>
    <ClCompile Include="src\Geometry\Torus.cpp">
      <Filter>src\Geometry</Filter>
    </ClCompile>
    <ClCompile Include="src\Geometry\Sphere.cpp">
      <Filter>src\Geometry</Filter>
    </ClCompile>
    <ClCompile Include="src\Geometry\Plane.cpp">
      <Filter>src\Geometry</Filter>
    </ClCompile>
    <ClCompile Include="template\template.cpp">
      <Filter>template</Filter>
    </ClCompile>
    <ClCompile Include="src\myapp.cpp">
      <Filter>src</Filter>
    </ClCompile>
    <ClCompile Include="src\AccelerationStructures\BVH.cpp">
      <Filter>src\AccelerationStructures</Filter>
    </ClCompile>
    <ClCompile Include="src\AccelerationStructures\TopLevelBVH.cpp">
      <Filter>src\AccelerationStructures</Filter>
    </ClCompile>
    <ClCompile Include="src\Utils\algebra.cpp">
      <Filter>src\Utils</Filter>
    </ClCompile>
    <ClCompile Include="src\Camera\Camera.cpp">
      <Filter>src\Camera</Filter>
    </ClCompile>
    <ClCompile Include="src\Material\Material.cpp">
      <Filter>src\Material</Filter>
    </ClCompile>
    <ClCompile Include="src\Scenes\SceneManager.cpp">
      <Filter>src\Scenes</Filter>
    </ClCompile>
    <ClCompile Include="src\PostProcessing\PostProcessing.cpp">
      <Filter>src\PostProcessing</Filter>
    </ClCompile>
    <ClCompile Include="src\Raytracing\RayTracer.cpp">
      <Filter>src\Raytracing</Filter>
    </ClCompile>
    <ClCompile Include="src\Raytracing\Whitted\WhittedRayTracer.cpp">
      <Filter>src\Raytracing\Whitted</Filter>
    </ClCompile>
    <ClCompile Include="src\Raytracing\PathTracer\PathTracer.cpp">
      <Filter>src\Raytracing\PathTracer</Filter>
    </ClCompile>
    <ClCompile Include="src\Raytracing\LowResTracer\LowResTracer.cpp" />
  </ItemGroup>
  <ItemGroup>
    <ClInclude Include="template\precomp.h">
      <Filter>template</Filter>
    </ClInclude>
    <ClInclude Include="cl\tools.cl">
      <Filter>template\cl</Filter>
    </ClInclude>
    <ClInclude Include="src\Texturing\Mesh.h">
      <Filter>src\Texturing</Filter>
    </ClInclude>
    <ClInclude Include="src\Texturing\Texture.h">
      <Filter>src\Texturing</Filter>
    </ClInclude>
    <ClInclude Include="src\Light\LightSource.h">
      <Filter>src\Light</Filter>
    </ClInclude>
    <ClInclude Include="src\Geometry\Intersectable.h">
      <Filter>src\Geometry</Filter>
    </ClInclude>
    <ClInclude Include="template\common.h">
      <Filter>template</Filter>
    </ClInclude>
    <ClInclude Include="src\myapp.h">
      <Filter>src</Filter>
    </ClInclude>
    <ClInclude Include="src\AccelerationStructures\BVH.h">
      <Filter>src\AccelerationStructures</Filter>
    </ClInclude>
    <ClInclude Include="src\AccelerationStructures\TopLevelBVH.h">
      <Filter>src\AccelerationStructures</Filter>
    </ClInclude>
    <ClInclude Include="src\Utils\algebra.h">
      <Filter>src\Utils</Filter>
    </ClInclude>
    <ClInclude Include="src\Scenes\Scene.h">
      <Filter>src\Scenes</Filter>
    </ClInclude>
    <ClInclude Include="src\Raytracing\RayTracing.h">
      <Filter>src\Raytracing</Filter>
    </ClInclude>
    <ClInclude Include="src\Camera\Camera.h">
      <Filter>src\Camera</Filter>
    </ClInclude>
    <ClInclude Include="src\Camera\controller.h">
      <Filter>src\Camera</Filter>
    </ClInclude>
    <ClInclude Include="src\Material\Material.h">
      <Filter>src\Material</Filter>
    </ClInclude>
    <ClInclude Include="src\Scenes\SceneManager.h">
      <Filter>src\Scenes</Filter>
    </ClInclude>
    <ClInclude Include="src\PostProcessing\PostProcessing.h">
      <Filter>src\PostProcessing</Filter>
    </ClInclude>
    <ClInclude Include="src\Utils\RayUtils.h">
      <Filter>src\Utils</Filter>
    </ClInclude>
    <ClInclude Include="src\Utils\DiffuseUtils.h">
      <Filter>src\Utils</Filter>
    </ClInclude>
    <ClInclude Include="src\Raytracing\RayTracer.h">
      <Filter>src\Raytracing</Filter>
    </ClInclude>
    <ClInclude Include="src\Raytracing\Whitted\WhittedRayTracer.h">
      <Filter>src\Raytracing\Whitted</Filter>
    </ClInclude>
    <ClInclude Include="src\Raytracing\PathTracer\Accumulator.h">
      <Filter>src\Raytracing\PathTracer</Filter>
    </ClInclude>
    <ClInclude Include="src\Raytracing\PathTracer\PathTracer.h">
      <Filter>src\Raytracing\PathTracer</Filter>
    </ClInclude>
    <ClInclude Include="src\Raytracing\LowResTracer\LowResTracer.h" />
  </ItemGroup>
  <ItemGroup>
    <None Include="README.md">
      <Filter>template</Filter>
    </None>
    <None Include="template\LICENSE">
      <Filter>template</Filter>
    </None>
    <None Include="cl\kernels.cl">
      <Filter>template\cl</Filter>
    </None>
  </ItemGroup>
  <ItemGroup>
    <Filter Include="template">
      <UniqueIdentifier>{51b00066-aea0-4dc3-b644-4f83d5455135}</UniqueIdentifier>
    </Filter>
    <Filter Include="template\cl">
      <UniqueIdentifier>{e943a956-b645-4496-b970-81dd76c8bae6}</UniqueIdentifier>
    </Filter>
    <Filter Include="src">
      <UniqueIdentifier>{4ec95e6e-5067-41e7-a552-ada48bbfa68b}</UniqueIdentifier>
    </Filter>
    <Filter Include="src\Texturing">
      <UniqueIdentifier>{b3abe4c0-0677-4cf8-ae49-37c60c01aebf}</UniqueIdentifier>
    </Filter>
    <Filter Include="src\Light">
      <UniqueIdentifier>{8bdd3371-eba1-4c2c-86e8-882b4fbc31cc}</UniqueIdentifier>
    </Filter>
    <Filter Include="src\Geometry">
      <UniqueIdentifier>{82aa44cb-5c3c-4c8a-b8f6-97430a96fb9d}</UniqueIdentifier>
    </Filter>
    <Filter Include="src\AccelerationStructures">
      <UniqueIdentifier>{990efe73-86b2-43c7-8edc-f59fbb8f468c}</UniqueIdentifier>
    </Filter>
    <Filter Include="src\Utils">
      <UniqueIdentifier>{fdc067ed-2a89-42ea-bca2-55e51592cfb1}</UniqueIdentifier>
    </Filter>
    <Filter Include="src\Raytracing">
      <UniqueIdentifier>{73ed0fa2-838f-4741-b8d8-f45d83608065}</UniqueIdentifier>
    </Filter>
    <Filter Include="src\Camera">
      <UniqueIdentifier>{b3065f10-6485-4ea3-9e7d-6ca332f117e8}</UniqueIdentifier>
    </Filter>
    <Filter Include="src\Scenes">
      <UniqueIdentifier>{35e5b565-aa3e-4c41-83ed-92af9f8bfc8f}</UniqueIdentifier>
    </Filter>
    <Filter Include="src\Material">
      <UniqueIdentifier>{e24332fd-edc2-46be-9c7f-eac63a15d9a5}</UniqueIdentifier>
    </Filter>
    <Filter Include="src\PostProcessing">
      <UniqueIdentifier>{728179cc-2350-4c34-96ad-96deaebb7991}</UniqueIdentifier>
    </Filter>
    <Filter Include="src\Raytracing\PathTracer">
      <UniqueIdentifier>{49b05351-88e1-49b3-95df-82efb772c435}</UniqueIdentifier>
    </Filter>
    <Filter Include="src\Raytracing\Whitted">
      <UniqueIdentifier>{6091f9fd-c654-4b3b-abb2-12df8543714a}</UniqueIdentifier>
    </Filter>
    <Filter Include="src\Raytracing\LowResTracer">
      <UniqueIdentifier>{bd02aff6-ccba-40c2-bc62-af80e4d6ca35}</UniqueIdentifier>
    </Filter>
  </ItemGroup>
</Project>