<?xml version="1.0" encoding="utf-8"?>
<Project ToolsVersion="4.0" xmlns="http://schemas.microsoft.com/developer/msbuild/2003">
  <ItemGroup>
    <ClCompile Include="template\template.cpp">
      <Filter>template</Filter>
    </ClCompile>
    <ClCompile Include="Material.cpp">
      <Filter>src</Filter>
    </ClCompile>
    <ClCompile Include="myapp.cpp">
      <Filter>src</Filter>
    </ClCompile>
    <ClCompile Include="RayTracer.cpp">
      <Filter>src</Filter>
    </ClCompile>
    <ClCompile Include="Scene.cpp">
      <Filter>src</Filter>
    </ClCompile>
    <ClCompile Include="Plane.cpp">
      <Filter>src\Geometry</Filter>
    </ClCompile>
    <ClCompile Include="Sphere.cpp">
      <Filter>src\Geometry</Filter>
    </ClCompile>
    <ClCompile Include="Camera.cpp">
      <Filter>src</Filter>
    </ClCompile>
    <ClCompile Include="Texture.cpp" />
    <ClCompile Include="Torus.cpp">
      <Filter>src\Geometry</Filter>
    </ClCompile>
    <ClCompile Include="algebra.cpp">
      <Filter>src</Filter>
    <ClCompile Include="Triangle.cpp">
      <Filter>src\Geometry</Filter>
    </ClCompile>
    <ClCompile Include="Model.cpp">
      <Filter>src\Geometry</Filter>
    </ClCompile>
    <ClCompile Include="Mesh.cpp">
      <Filter>src\Texturing</Filter>
    </ClCompile>
  </ItemGroup>
  <ItemGroup>
    <ClInclude Include="template\common.h">
      <Filter>template</Filter>
    </ClInclude>
    <ClInclude Include="template\precomp.h">
      <Filter>template</Filter>
    </ClInclude>
    <ClInclude Include="cl\tools.cl">
      <Filter>template\cl</Filter>
    </ClInclude>
    <ClInclude Include="Material.h">
      <Filter>src</Filter>
    </ClInclude>
    <ClInclude Include="myapp.h">
      <Filter>src</Filter>
    </ClInclude>
    <ClInclude Include="RayTracer.h">
      <Filter>src</Filter>
    </ClInclude>
    <ClInclude Include="RayTracing.h">
      <Filter>src</Filter>
    </ClInclude>
    <ClInclude Include="Scene.h">
      <Filter>src</Filter>
    </ClInclude>
    <ClInclude Include="Intersectable.h">
      <Filter>src\Geometry</Filter>
    </ClInclude>
    <ClInclude Include="LightSource.h">
      <Filter>src\Light</Filter>
    </ClInclude>
    <ClInclude Include="Camera.h">
      <Filter>src</Filter>
    </ClInclude>
    <ClInclude Include="controller.h" />
    <ClInclude Include="rtw_stb_image.h" />
    <ClInclude Include="algebra.h">
      <Filter>src</Filter>
    <ClInclude Include="Texture.h">
      <Filter>src\Texturing</Filter>
    </ClInclude>
    <ClInclude Include="Mesh.h">
      <Filter>src\Texturing</Filter>
    </ClInclude>
  </ItemGroup>
  <ItemGroup>
    <None Include="template\LICENSE">
      <Filter>template</Filter>
    </None>
    <None Include="README.md">
      <Filter>template</Filter>
    </None>
    <None Include="cl\kernels.cl">
      <Filter>template\cl</Filter>
    </None>
  </ItemGroup>
  <ItemGroup>
    <Filter Include="template">
      <UniqueIdentifier>{a7d6e3cb-bfcd-438d-979f-17df241a55b4}</UniqueIdentifier>
    </Filter>
    <Filter Include="template\cl">
      <UniqueIdentifier>{dc41819e-b6c1-4070-b4c1-0849e444ca7e}</UniqueIdentifier>
    </Filter>
    <Filter Include="src">
      <UniqueIdentifier>{92c75ecc-4318-4ce9-bb98-d9b44518f187}</UniqueIdentifier>
    </Filter>
    <Filter Include="src\Geometry">
      <UniqueIdentifier>{2d44d219-79d2-4e67-9a34-444eff7f20f8}</UniqueIdentifier>
    </Filter>
    <Filter Include="src\Light">
      <UniqueIdentifier>{e8b72a43-dde4-4281-b960-6fd7d55fba5b}</UniqueIdentifier>
    </Filter>
    <Filter Include="src\Texturing">
      <UniqueIdentifier>{917ef362-3f8c-415a-8e41-98d5cbcfafce}</UniqueIdentifier>
    </Filter>
  </ItemGroup>
</Project>