<?xml version="1.0" encoding="utf-8"?>
<Project ToolsVersion="4.0" xmlns="http://schemas.microsoft.com/developer/msbuild/2003">
  <ItemGroup>
    <ClCompile Include="Mesh.cpp">
      <Filter>src\Texturing</Filter>
    </ClCompile>
    <ClCompile Include="Model.cpp">
      <Filter>src\Geometry</Filter>
    </ClCompile>
    <ClCompile Include="Triangle.cpp">
      <Filter>src\Geometry</Filter>
    </ClCompile>
    <ClCompile Include="Torus.cpp">
      <Filter>src\Geometry</Filter>
    </ClCompile>
    <ClCompile Include="Sphere.cpp">
      <Filter>src\Geometry</Filter>
    </ClCompile>
    <ClCompile Include="Plane.cpp">
      <Filter>src\Geometry</Filter>
    </ClCompile>
    <ClCompile Include="template\template.cpp">
      <Filter>template</Filter>
    </ClCompile>
    <ClCompile Include="algebra.cpp">
      <Filter>src</Filter>
    </ClCompile>
    <ClCompile Include="Camera.cpp">
      <Filter>src</Filter>
    </ClCompile>
    <ClCompile Include="Material.cpp">
      <Filter>src</Filter>
    </ClCompile>
    <ClCompile Include="myapp.cpp">
      <Filter>src</Filter>
    </ClCompile>
    <ClCompile Include="RayTracer.cpp">
      <Filter>src</Filter>
    </ClCompile>
    <ClCompile Include="Scene.cpp">
      <Filter>src</Filter>
    </ClCompile>
    <ClCompile Include="BVH.cpp" />
  </ItemGroup>
  <ItemGroup>
    <ClInclude Include="template\precomp.h">
      <Filter>template</Filter>
    </ClInclude>
    <ClInclude Include="cl\tools.cl">
      <Filter>template\cl</Filter>
    </ClInclude>
    <ClInclude Include="Mesh.h">
      <Filter>src\Texturing</Filter>
    </ClInclude>
    <ClInclude Include="Texture.h">
      <Filter>src\Texturing</Filter>
    </ClInclude>
    <ClInclude Include="algebra.h">
      <Filter>src</Filter>
    </ClInclude>
    <ClInclude Include="Camera.h">
      <Filter>src</Filter>
    </ClInclude>
    <ClInclude Include="LightSource.h">
      <Filter>src\Light</Filter>
    </ClInclude>
    <ClInclude Include="Intersectable.h">
      <Filter>src\Geometry</Filter>
    </ClInclude>
    <ClInclude Include="template\common.h">
      <Filter>template</Filter>
    </ClInclude>
    <ClInclude Include="controller.h">
      <Filter>src</Filter>
    </ClInclude>
    <ClInclude Include="Material.h">
      <Filter>src</Filter>
    </ClInclude>
    <ClInclude Include="myapp.h">
      <Filter>src</Filter>
    </ClInclude>
    <ClInclude Include="RayTracer.h">
      <Filter>src</Filter>
    </ClInclude>
    <ClInclude Include="RayTracing.h">
      <Filter>src</Filter>
    </ClInclude>
    <ClInclude Include="Scene.h">
      <Filter>src</Filter>
    </ClInclude>
    <ClInclude Include="BVH.h" />
  </ItemGroup>
  <ItemGroup>
    <None Include="README.md">
      <Filter>template</Filter>
    </None>
    <None Include="template\LICENSE">
      <Filter>template</Filter>
    </None>
    <None Include="cl\kernels.cl">
      <Filter>template\cl</Filter>
    </None>
  </ItemGroup>
  <ItemGroup>
    <Filter Include="template">
      <UniqueIdentifier>{51b00066-aea0-4dc3-b644-4f83d5455135}</UniqueIdentifier>
    </Filter>
    <Filter Include="template\cl">
      <UniqueIdentifier>{e943a956-b645-4496-b970-81dd76c8bae6}</UniqueIdentifier>
    </Filter>
    <Filter Include="src">
      <UniqueIdentifier>{4ec95e6e-5067-41e7-a552-ada48bbfa68b}</UniqueIdentifier>
    </Filter>
    <Filter Include="src\Texturing">
      <UniqueIdentifier>{b3abe4c0-0677-4cf8-ae49-37c60c01aebf}</UniqueIdentifier>
    </Filter>
    <Filter Include="src\Light">
      <UniqueIdentifier>{8bdd3371-eba1-4c2c-86e8-882b4fbc31cc}</UniqueIdentifier>
    </Filter>
    <Filter Include="src\Geometry">
      <UniqueIdentifier>{82aa44cb-5c3c-4c8a-b8f6-97430a96fb9d}</UniqueIdentifier>
    </Filter>
  </ItemGroup>
</Project>